
Microsoft Visual Studio Solution File, Format Version 12.00
Project("{FAE04EC0-301F-11D3-BF4B-00C04F79EFBC}") = "MinimalAPIs_Example", "MinimalAPIs_Example\MinimalAPIs_Example.csproj", "{9EC5C45B-1F95-4F99-BACA-3962E559B112}"
EndProject
Global
	GlobalSection(SolutionConfigurationPlatforms) = preSolution
		Debug|Any CPU = Debug|Any CPU
		Release|Any CPU = Release|Any CPU
	EndGlobalSection
	GlobalSection(ProjectConfigurationPlatforms) = postSolution
		{9EC5C45B-1F95-4F99-BACA-3962E559B112}.Debug|Any CPU.ActiveCfg = Debug|Any CPU
		{9EC5C45B-1F95-4F99-BACA-3962E559B112}.Debug|Any CPU.Build.0 = Debug|Any CPU
		{9EC5C45B-1F95-4F99-BACA-3962E559B112}.Release|Any CPU.ActiveCfg = Release|Any CPU
		{9EC5C45B-1F95-4F99-BACA-3962E559B112}.Release|Any CPU.Build.0 = Release|Any CPU
	EndGlobalSection
EndGlobal
